
Microsoft Visual Studio Solution File, Format Version 12.00
# Visual Studio Version 16
VisualStudioVersion = 16.0.31729.503
MinimumVisualStudioVersion = 10.0.40219.1
Project("{FAE04EC0-301F-11D3-BF4B-00C04F79EFBC}") = "RaviBookStore", "RaviBookStore\RaviBookStore.csproj", "{A7FEEF65-BCD9-44B1-800A-F82C5FC05866}"
EndProject
Global
	GlobalSection(SolutionConfigurationPlatforms) = preSolution
		Debug|Any CPU = Debug|Any CPU
		Release|Any CPU = Release|Any CPU
	EndGlobalSection
	GlobalSection(ProjectConfigurationPlatforms) = postSolution
		{A7FEEF65-BCD9-44B1-800A-F82C5FC05866}.Debug|Any CPU.ActiveCfg = Debug|Any CPU
		{A7FEEF65-BCD9-44B1-800A-F82C5FC05866}.Debug|Any CPU.Build.0 = Debug|Any CPU
		{A7FEEF65-BCD9-44B1-800A-F82C5FC05866}.Release|Any CPU.ActiveCfg = Release|Any CPU
		{A7FEEF65-BCD9-44B1-800A-F82C5FC05866}.Release|Any CPU.Build.0 = Release|Any CPU
	EndGlobalSection
	GlobalSection(SolutionProperties) = preSolution
		HideSolutionNode = FALSE
	EndGlobalSection
	GlobalSection(ExtensibilityGlobals) = postSolution
		SolutionGuid = {ED79A8DE-3DDB-4789-8211-1FC878764C8E}
	EndGlobalSection
EndGlobal
